
Microsoft Visual Studio Solution File, Format Version 12.00
# Visual Studio 15
VisualStudioVersion = 15.0.26730.3
MinimumVisualStudioVersion = 10.0.40219.1
Project("{FAE04EC0-301F-11D3-BF4B-00C04F79EFBC}") = "Game1", "Game1.csproj", "{261F0BD6-2E6E-46A8-A136-EC479DC0EFC8}"
EndProject
Global
	GlobalSection(SolutionConfigurationPlatforms) = preSolution
		Debug|Any CPU = Debug|Any CPU
		Release|Any CPU = Release|Any CPU
	EndGlobalSection
	GlobalSection(ProjectConfigurationPlatforms) = postSolution
		{261F0BD6-2E6E-46A8-A136-EC479DC0EFC8}.Debug|Any CPU.ActiveCfg = Debug|Any CPU
		{261F0BD6-2E6E-46A8-A136-EC479DC0EFC8}.Debug|Any CPU.Build.0 = Debug|Any CPU
		{261F0BD6-2E6E-46A8-A136-EC479DC0EFC8}.Release|Any CPU.ActiveCfg = Release|Any CPU
		{261F0BD6-2E6E-46A8-A136-EC479DC0EFC8}.Release|Any CPU.Build.0 = Release|Any CPU
	EndGlobalSection
	GlobalSection(SolutionProperties) = preSolution
		HideSolutionNode = FALSE
	EndGlobalSection
	GlobalSection(ExtensibilityGlobals) = postSolution
		SolutionGuid = {24D0CD0B-EA6D-4728-A4BC-ADD99F8A90F3}
	EndGlobalSection
EndGlobal
